# THIS IS AN AUTOGENERATED FILE. DO NOT EDIT THIS FILE DIRECTLY.
# yarn lockfile v1


"@playwright/test@^1.55.1":
  version "1.57.0"
  resolved "https://registry.yarnpkg.com/@playwright/test/-/test-1.57.0.tgz#a14720ffa9ed7ef7edbc1f60784fc6134acbb003"
  integrity sha512-6TyEnHgd6SArQO8UO2OMTxshln3QMWBtPGrOCgs3wVEmQmwyuNtB10IZMfmYDE0riwNR1cu4q+pPcxMVtaG3TA==
  dependencies:
    playwright "1.57.0"

fsevents@2.3.2:
  version "2.3.2"
  resolved "https://registry.yarnpkg.com/fsevents/-/fsevents-2.3.2.tgz#8a526f78b8fdf4623b709e0b975c52c24c02fd1a"
  integrity sha512-xiqMQR4xAeHTuB9uWm+fFRcIOgKBMiOBP+eXiyT7jsgVCq1bkVygt00oASowB7EdtpOHaaPgKt812P9ab+DDKA==

playwright-core@1.57.0:
  version "1.57.0"
  resolved "https://registry.yarnpkg.com/playwright-core/-/playwright-core-1.57.0.tgz#3dcc9a865af256fa9f0af0d67fc8dd54eecaebf5"
  integrity sha512-agTcKlMw/mjBWOnD6kFZttAAGHgi/Nw0CZ2o6JqWSbMlI219lAFLZZCyqByTsvVAJq5XA5H8cA6PrvBRpBWEuQ==

playwright@1.57.0, playwright@^1.55.1:
  version "1.57.0"
  resolved "https://registry.yarnpkg.com/playwright/-/playwright-1.57.0.tgz#74d1dacff5048dc40bf4676940b1901e18ad0f46"
  integrity sha512-ilYQj1s8sr2ppEJ2YVadYBN0Mb3mdo9J0wQ+UuDhzYqURwSoW4n1Xs5vs7ORwgDGmyEh33tRMeS8KhdkMoLXQw==
  dependencies:
    playwright-core "1.57.0"
  optionalDependencies:
    fsevents "2.3.2"
