{
  "name": "gatekeeper-policy-manager-frontend",
  "version": "1.0.0",
  "lockfileVersion": 2,
  "requires": true,
  "packages": {
    "": {
      "name": "gatekeeper-policy-manager-frontend",
      "version": "1.0.0",
      "license": "BSD-2-Clause",
      "dependencies": {
        "fomantic-ui-css": "^2.8.7"
      },
      "devDependencies": {}
    },
    "node_modules/fomantic-ui-css": {
      "version": "2.8.7",
      "resolved": "https://registry.npmjs.org/fomantic-ui-css/-/fomantic-ui-css-2.8.7.tgz",
      "integrity": "sha512-lMriCcy+FMd69qsiTPyg2dVsLMA1Tl61EY/roTeMLmtuSk/yhgRpWb0aqG8p3NzifB9olhUGmZcYboaWQdBufw==",
      "dependencies": {
        "jquery": "^3.4.0"
      }
    },
    "node_modules/jquery": {
      "version": "3.5.1",
      "resolved": "https://registry.npmjs.org/jquery/-/jquery-3.5.1.tgz",
      "integrity": "sha512-XwIBPqcMn57FxfT+Go5pzySnm4KWkT1Tv7gjrpT1srtf8Weynl6R273VJ5GjkRb51IzMp5nbaPjJXMWeju2MKg=="
    }
  },
  "dependencies": {
    "fomantic-ui-css": {
      "version": "2.8.7",
      "resolved": "https://registry.npmjs.org/fomantic-ui-css/-/fomantic-ui-css-2.8.7.tgz",
      "integrity": "sha512-lMriCcy+FMd69qsiTPyg2dVsLMA1Tl61EY/roTeMLmtuSk/yhgRpWb0aqG8p3NzifB9olhUGmZcYboaWQdBufw==",
      "requires": {
        "jquery": "^3.4.0"
      }
    },
    "jquery": {
      "version": "3.5.1",
      "resolved": "https://registry.npmjs.org/jquery/-/jquery-3.5.1.tgz",
      "integrity": "sha512-XwIBPqcMn57FxfT+Go5pzySnm4KWkT1Tv7gjrpT1srtf8Weynl6R273VJ5GjkRb51IzMp5nbaPjJXMWeju2MKg=="
    }
  }
}
